{
  "name": "fluvio-temp",
  "version": "1.0.0",
  "lockfileVersion": 3,
  "requires": true,
  "packages": {
    "": {
      "name": "fluvio-temp",
      "version": "1.0.0",
      "license": "ISC",
      "dependencies": {
        "@fluvio/client": "^0.14.9"
      }
    },
    "node_modules/@fluvio/client": {
      "version": "0.14.9",
      "resolved": "https://registry.npmjs.org/@fluvio/client/-/client-0.14.9.tgz",
      "integrity": "sha512-1ls958lJu9o+PA+Pc9nvPwoD2wPB9ju9k3Mq6X4oMK2BKYnLm/OWu3qS6s9ixA7ADh9MWE8FFe2ZvdoF0vE/8g==",
      "hasInstallScript": true
    }
  }
}
